{
  "object": {
    "pins": [
      {
        "package": "PopupView",
        "repositoryURL": "https://github.com/exyte/PopupView",
        "state": {
          "branch": null,
          "revision": "77c04cef5651a07ab795f8b4edeb39cb231b2411",
          "version": "1.0.7"
        }
      },
      {
        "package": "RealmDatabase",
        "repositoryURL": "https://github.com/realm/realm-core",
        "state": {
          "branch": null,
          "revision": "e9eec444d13ebebc062202407e79b9833428a24e",
          "version": "11.11.0"
        }
      },
      {
        "package": "Realm",
        "repositoryURL": "https://github.com/realm/realm-swift.git",
        "state": {
          "branch": null,
          "revision": "2380340c876da7a2d17b0b59e21e339120d09bb3",
          "version": "10.24.0"
        }
      },
      {
        "package": "Drawer",
        "repositoryURL": "https://github.com/maustinstar/swiftui-drawer",
        "state": {
          "branch": "master",
          "revision": "6d22f5c1362bfa71f2915c28aebba343b9243363",
          "version": null
        }
      },
      {
        "package": "SwiftySound",
        "repositoryURL": "https://github.com/adamcichy/SwiftySound",
        "state": {
          "branch": "master",
          "revision": "de233cc96b0154cb26c66b9a0f1c2719709c83ac",
          "version": null
        }
      }
    ]
  },
  "version": 1
}
